
Microsoft Visual Studio Solution File, Format Version 12.00
# Visual Studio Version 17
VisualStudioVersion = 17.4.33110.190
MinimumVisualStudioVersion = 10.0.40219.1
Project("{FAE04EC0-301F-11D3-BF4B-00C04F79EFBC}") = "Notify", "src\Notify\Notify.csproj", "{CB2C631B-F30F-44CB-A5CD-37CD4AD208CD}"
EndProject
Project("{FAE04EC0-301F-11D3-BF4B-00C04F79EFBC}") = "Notify.Tests.xUnit", "tests\Notify.Tests.xUnit\Notify.Tests.xUnit.csproj", "{F078BE99-791B-4772-BB41-7BEEF8531783}"
EndProject
Project("{9A19103F-16F7-4668-BE54-9A1E7A4F7556}") = "Notify.Core", "src\Notify.Core\Notify.Core.csproj", "{88369808-5FAF-4EAA-90F4-D84B73A9FD28}"
EndProject
Project("{9A19103F-16F7-4668-BE54-9A1E7A4F7556}") = "Notify.Core.Tests.xUnit", "tests\Notify.Core.Tests.xUnit\Notify.Core.Tests.xUnit.csproj", "{68872D39-D4A3-42FF-826B-B50DCCB81A60}"
EndProject
Global
	GlobalSection(SolutionConfigurationPlatforms) = preSolution
		Debug|Any CPU = Debug|Any CPU
		Debug|ARM = Debug|ARM
		Debug|ARM64 = Debug|ARM64
		Debug|x64 = Debug|x64
		Debug|x86 = Debug|x86
		Release|Any CPU = Release|Any CPU
		Release|ARM = Release|ARM
		Release|ARM64 = Release|ARM64
		Release|x64 = Release|x64
		Release|x86 = Release|x86
	EndGlobalSection
	GlobalSection(ProjectConfigurationPlatforms) = postSolution
		{CB2C631B-F30F-44CB-A5CD-37CD4AD208CD}.Debug|Any CPU.ActiveCfg = Debug|x64
		{CB2C631B-F30F-44CB-A5CD-37CD4AD208CD}.Debug|Any CPU.Build.0 = Debug|x64
		{CB2C631B-F30F-44CB-A5CD-37CD4AD208CD}.Debug|Any CPU.Deploy.0 = Debug|x64
		{CB2C631B-F30F-44CB-A5CD-37CD4AD208CD}.Debug|ARM.ActiveCfg = Debug|ARM
		{CB2C631B-F30F-44CB-A5CD-37CD4AD208CD}.Debug|ARM.Build.0 = Debug|ARM
		{CB2C631B-F30F-44CB-A5CD-37CD4AD208CD}.Debug|ARM.Deploy.0 = Debug|ARM
		{CB2C631B-F30F-44CB-A5CD-37CD4AD208CD}.Debug|ARM64.ActiveCfg = Debug|ARM64
		{CB2C631B-F30F-44CB-A5CD-37CD4AD208CD}.Debug|ARM64.Build.0 = Debug|ARM64
		{CB2C631B-F30F-44CB-A5CD-37CD4AD208CD}.Debug|ARM64.Deploy.0 = Debug|ARM64
		{CB2C631B-F30F-44CB-A5CD-37CD4AD208CD}.Debug|x64.ActiveCfg = Debug|x64
		{CB2C631B-F30F-44CB-A5CD-37CD4AD208CD}.Debug|x64.Build.0 = Debug|x64
		{CB2C631B-F30F-44CB-A5CD-37CD4AD208CD}.Debug|x64.Deploy.0 = Debug|x64
		{CB2C631B-F30F-44CB-A5CD-37CD4AD208CD}.Debug|x86.ActiveCfg = Debug|x86
		{CB2C631B-F30F-44CB-A5CD-37CD4AD208CD}.Debug|x86.Build.0 = Debug|x86
		{CB2C631B-F30F-44CB-A5CD-37CD4AD208CD}.Debug|x86.Deploy.0 = Debug|x86
		{CB2C631B-F30F-44CB-A5CD-37CD4AD208CD}.Release|Any CPU.ActiveCfg = Release|x64
		{CB2C631B-F30F-44CB-A5CD-37CD4AD208CD}.Release|Any CPU.Build.0 = Release|x64
		{CB2C631B-F30F-44CB-A5CD-37CD4AD208CD}.Release|Any CPU.Deploy.0 = Release|x64
		{CB2C631B-F30F-44CB-A5CD-37CD4AD208CD}.Release|ARM.ActiveCfg = Release|ARM
		{CB2C631B-F30F-44CB-A5CD-37CD4AD208CD}.Release|ARM.Build.0 = Release|ARM
		{CB2C631B-F30F-44CB-A5CD-37CD4AD208CD}.Release|ARM.Deploy.0 = Release|ARM
		{CB2C631B-F30F-44CB-A5CD-37CD4AD208CD}.Release|ARM64.ActiveCfg = Release|ARM64
		{CB2C631B-F30F-44CB-A5CD-37CD4AD208CD}.Release|ARM64.Build.0 = Release|ARM64
		{CB2C631B-F30F-44CB-A5CD-37CD4AD208CD}.Release|ARM64.Deploy.0 = Release|ARM64
		{CB2C631B-F30F-44CB-A5CD-37CD4AD208CD}.Release|x64.ActiveCfg = Release|x64
		{CB2C631B-F30F-44CB-A5CD-37CD4AD208CD}.Release|x64.Build.0 = Release|x64
		{CB2C631B-F30F-44CB-A5CD-37CD4AD208CD}.Release|x64.Deploy.0 = Release|x64
		{CB2C631B-F30F-44CB-A5CD-37CD4AD208CD}.Release|x86.ActiveCfg = Release|x86
		{CB2C631B-F30F-44CB-A5CD-37CD4AD208CD}.Release|x86.Build.0 = Release|x86
		{CB2C631B-F30F-44CB-A5CD-37CD4AD208CD}.Release|x86.Deploy.0 = Release|x86
		{F078BE99-791B-4772-BB41-7BEEF8531783}.Debug|Any CPU.ActiveCfg = Debug|x64
		{F078BE99-791B-4772-BB41-7BEEF8531783}.Debug|Any CPU.Build.0 = Debug|x64
		{F078BE99-791B-4772-BB41-7BEEF8531783}.Debug|Any CPU.Deploy.0 = Debug|x64
		{F078BE99-791B-4772-BB41-7BEEF8531783}.Debug|ARM.ActiveCfg = Debug|ARM
		{F078BE99-791B-4772-BB41-7BEEF8531783}.Debug|ARM.Build.0 = Debug|ARM
		{F078BE99-791B-4772-BB41-7BEEF8531783}.Debug|ARM.Deploy.0 = Debug|ARM
		{F078BE99-791B-4772-BB41-7BEEF8531783}.Debug|ARM64.ActiveCfg = Debug|x64
		{F078BE99-791B-4772-BB41-7BEEF8531783}.Debug|ARM64.Build.0 = Debug|x64
		{F078BE99-791B-4772-BB41-7BEEF8531783}.Debug|ARM64.Deploy.0 = Debug|x64
		{F078BE99-791B-4772-BB41-7BEEF8531783}.Debug|x64.ActiveCfg = Debug|x64
		{F078BE99-791B-4772-BB41-7BEEF8531783}.Debug|x64.Build.0 = Debug|x64
		{F078BE99-791B-4772-BB41-7BEEF8531783}.Debug|x64.Deploy.0 = Debug|x64
		{F078BE99-791B-4772-BB41-7BEEF8531783}.Debug|x86.ActiveCfg = Debug|x86
		{F078BE99-791B-4772-BB41-7BEEF8531783}.Debug|x86.Build.0 = Debug|x86
		{F078BE99-791B-4772-BB41-7BEEF8531783}.Debug|x86.Deploy.0 = Debug|x86
		{F078BE99-791B-4772-BB41-7BEEF8531783}.Release|Any CPU.ActiveCfg = Release|x64
		{F078BE99-791B-4772-BB41-7BEEF8531783}.Release|Any CPU.Build.0 = Release|x64
		{F078BE99-791B-4772-BB41-7BEEF8531783}.Release|Any CPU.Deploy.0 = Release|x64
		{F078BE99-791B-4772-BB41-7BEEF8531783}.Release|ARM.ActiveCfg = Release|ARM
		{F078BE99-791B-4772-BB41-7BEEF8531783}.Release|ARM.Build.0 = Release|ARM
		{F078BE99-791B-4772-BB41-7BEEF8531783}.Release|ARM.Deploy.0 = Release|ARM
		{F078BE99-791B-4772-BB41-7BEEF8531783}.Release|ARM64.ActiveCfg = Release|x64
		{F078BE99-791B-4772-BB41-7BEEF8531783}.Release|ARM64.Build.0 = Release|x64
		{F078BE99-791B-4772-BB41-7BEEF8531783}.Release|ARM64.Deploy.0 = Release|x64
		{F078BE99-791B-4772-BB41-7BEEF8531783}.Release|x64.ActiveCfg = Release|x64
		{F078BE99-791B-4772-BB41-7BEEF8531783}.Release|x64.Build.0 = Release|x64
		{F078BE99-791B-4772-BB41-7BEEF8531783}.Release|x64.Deploy.0 = Release|x64
		{F078BE99-791B-4772-BB41-7BEEF8531783}.Release|x86.ActiveCfg = Release|x86
		{F078BE99-791B-4772-BB41-7BEEF8531783}.Release|x86.Build.0 = Release|x86
		{F078BE99-791B-4772-BB41-7BEEF8531783}.Release|x86.Deploy.0 = Release|x86
		{88369808-5FAF-4EAA-90F4-D84B73A9FD28}.Debug|Any CPU.ActiveCfg = Debug|Any CPU
		{88369808-5FAF-4EAA-90F4-D84B73A9FD28}.Debug|Any CPU.Build.0 = Debug|Any CPU
		{88369808-5FAF-4EAA-90F4-D84B73A9FD28}.Debug|ARM.ActiveCfg = Debug|Any CPU
		{88369808-5FAF-4EAA-90F4-D84B73A9FD28}.Debug|ARM.Build.0 = Debug|Any CPU
		{88369808-5FAF-4EAA-90F4-D84B73A9FD28}.Debug|ARM64.ActiveCfg = Debug|Any CPU
		{88369808-5FAF-4EAA-90F4-D84B73A9FD28}.Debug|ARM64.Build.0 = Debug|Any CPU
		{88369808-5FAF-4EAA-90F4-D84B73A9FD28}.Debug|x64.ActiveCfg = Debug|Any CPU
		{88369808-5FAF-4EAA-90F4-D84B73A9FD28}.Debug|x64.Build.0 = Debug|Any CPU
		{88369808-5FAF-4EAA-90F4-D84B73A9FD28}.Debug|x86.ActiveCfg = Debug|Any CPU
		{88369808-5FAF-4EAA-90F4-D84B73A9FD28}.Debug|x86.Build.0 = Debug|Any CPU
		{88369808-5FAF-4EAA-90F4-D84B73A9FD28}.Release|Any CPU.ActiveCfg = Release|Any CPU
		{88369808-5FAF-4EAA-90F4-D84B73A9FD28}.Release|Any CPU.Build.0 = Release|Any CPU
		{88369808-5FAF-4EAA-90F4-D84B73A9FD28}.Release|ARM.ActiveCfg = Release|Any CPU
		{88369808-5FAF-4EAA-90F4-D84B73A9FD28}.Release|ARM.Build.0 = Release|Any CPU
		{88369808-5FAF-4EAA-90F4-D84B73A9FD28}.Release|ARM64.ActiveCfg = Release|Any CPU
		{88369808-5FAF-4EAA-90F4-D84B73A9FD28}.Release|ARM64.Build.0 = Release|Any CPU
		{88369808-5FAF-4EAA-90F4-D84B73A9FD28}.Release|x64.ActiveCfg = Release|Any CPU
		{88369808-5FAF-4EAA-90F4-D84B73A9FD28}.Release|x64.Build.0 = Release|Any CPU
		{88369808-5FAF-4EAA-90F4-D84B73A9FD28}.Release|x86.ActiveCfg = Release|Any CPU
		{88369808-5FAF-4EAA-90F4-D84B73A9FD28}.Release|x86.Build.0 = Release|Any CPU
		{68872D39-D4A3-42FF-826B-B50DCCB81A60}.Debug|Any CPU.ActiveCfg = Debug|Any CPU
		{68872D39-D4A3-42FF-826B-B50DCCB81A60}.Debug|Any CPU.Build.0 = Debug|Any CPU
		{68872D39-D4A3-42FF-826B-B50DCCB81A60}.Debug|ARM.ActiveCfg = Debug|Any CPU
		{68872D39-D4A3-42FF-826B-B50DCCB81A60}.Debug|ARM.Build.0 = Debug|Any CPU
		{68872D39-D4A3-42FF-826B-B50DCCB81A60}.Debug|ARM64.ActiveCfg = Debug|Any CPU
		{68872D39-D4A3-42FF-826B-B50DCCB81A60}.Debug|ARM64.Build.0 = Debug|Any CPU
		{68872D39-D4A3-42FF-826B-B50DCCB81A60}.Debug|x64.ActiveCfg = Debug|Any CPU
		{68872D39-D4A3-42FF-826B-B50DCCB81A60}.Debug|x64.Build.0 = Debug|Any CPU
		{68872D39-D4A3-42FF-826B-B50DCCB81A60}.Debug|x86.ActiveCfg = Debug|Any CPU
		{68872D39-D4A3-42FF-826B-B50DCCB81A60}.Debug|x86.Build.0 = Debug|Any CPU
		{68872D39-D4A3-42FF-826B-B50DCCB81A60}.Release|Any CPU.ActiveCfg = Release|Any CPU
		{68872D39-D4A3-42FF-826B-B50DCCB81A60}.Release|Any CPU.Build.0 = Release|Any CPU
		{68872D39-D4A3-42FF-826B-B50DCCB81A60}.Release|ARM.ActiveCfg = Release|Any CPU
		{68872D39-D4A3-42FF-826B-B50DCCB81A60}.Release|ARM.Build.0 = Release|Any CPU
		{68872D39-D4A3-42FF-826B-B50DCCB81A60}.Release|ARM64.ActiveCfg = Release|Any CPU
		{68872D39-D4A3-42FF-826B-B50DCCB81A60}.Release|ARM64.Build.0 = Release|Any CPU
		{68872D39-D4A3-42FF-826B-B50DCCB81A60}.Release|x64.ActiveCfg = Release|Any CPU
		{68872D39-D4A3-42FF-826B-B50DCCB81A60}.Release|x64.Build.0 = Release|Any CPU
		{68872D39-D4A3-42FF-826B-B50DCCB81A60}.Release|x86.ActiveCfg = Release|Any CPU
		{68872D39-D4A3-42FF-826B-B50DCCB81A60}.Release|x86.Build.0 = Release|Any CPU
	EndGlobalSection
	GlobalSection(SolutionProperties) = preSolution
		HideSolutionNode = FALSE
	EndGlobalSection
	GlobalSection(ExtensibilityGlobals) = postSolution
		SolutionGuid = {F7565A1B-7B0B-433B-A15F-F3DBACAF8887}
	EndGlobalSection
EndGlobal
